# This file was autogenerated by uv via the following command:
#    uv pip compile pyproject.toml --universal --python-version 3.12 --generate-hashes --output-file requirements.lock --cache-dir /private/tmp/meridian-clickhouse-uv-cache
certifi==2026.7.22 \
    --hash=sha256:62f22742b58a1a33014a2b6b706588a8d7e2a88ae7bd1a6ebe8c992928483775 \
    --hash=sha256:741e2c3b351ddf169a738da9f2c048608ff7f2c5cc02f1ebc6b118bb090d5d55
    # via clickhouse-connect
clickhouse-connect==0.15.1 \
    --hash=sha256:08df7857ecd2e345abbbdfc54d80fa060732cf75c953940355140af9a73b730a \
    --hash=sha256:0bef871fb9803ae82b4dc1f797b6e784de0a4dec351591191a0c1a6008548284 \
    --hash=sha256:158325a06978f91a182967341188502a0761447d1e13ffa775cf017def1a3d9e \
    --hash=sha256:167e674dff8ac12be7796d93190b6fe9097c042940b3c41d87fe4d85970be27d \
    --hash=sha256:1ef6922c8887a8b0db49a81823ef031807c971f628a363f6d53b030abaefd589 \
    --hash=sha256:1ff5d10c6e49d36ee6941f52c4233f2bfb4198e9c726fed224f725974a667e37 \
    --hash=sha256:24cdfe9b486c8f2e66f5f51b1f322d89d9eb4df29d9ebb2fa19b553065651e85 \
    --hash=sha256:265f1660e8db5006ca32e8894e6c6cc984b343d96171ab0580b2104084b0fc08 \
    --hash=sha256:2e19c9daabe4c24027006e903d0ba3f2a6b2e0703af37b2536335ac4558d541e \
    --hash=sha256:2e52e20190004ed4578b803b1d5f2097c336fafec41b2cc0d490b5a4964c1284 \
    --hash=sha256:371a201ee128ba2b47bd05e2f184b0d20fb78171d27441a6fb1183f4fcc9316e \
    --hash=sha256:3b456d469db994b188bb0b5afa373e8f2e5e2bf41a70a736b9ed2485a976e9ae \
    --hash=sha256:3cf1b78abf7e1b97ab279a2b244357c40657d2d8504ff3f713c6577cd0550b38 \
    --hash=sha256:46bcebd00aff52ea5f7433e9cee1157b411dba9187f6677a18378c799c27c8aa \
    --hash=sha256:4bf70933ab860bd2f0a872db624603706bed400c915c7aeef382956cf8ebbdf3 \
    --hash=sha256:4f87d283399cbda676c8765605bf60dc6559df6fd38cbb9ea07048a4b34dda26 \
    --hash=sha256:5046cb96d1c344c35198fe072a21ce3f273754df3e58fd0a6222c9a1aff72e75 \
    --hash=sha256:5462bad97d97919a4ed230e2ef28d0b76bec0354a343218647830aac7744a43b \
    --hash=sha256:57ad606e878fd284242713449217a0c475fde6b9b7ab59e7ba9e9c388431f004 \
    --hash=sha256:5ab0d019c18d9d63b228ce2e45768f6c65fd27067d1127ab3e558c35c90f52ef \
    --hash=sha256:5de299ada0f7eb9090bb5a6304d8d78163d4d9cc8eb04d8f552bfb82bafb61d5 \
    --hash=sha256:60aa8c9c775d22db324260265f4c656f803fbc71de9193ef83cf8d8d0ef6ab9a \
    --hash=sha256:691cbf6d3dd16988feb75d43942bb212f50f0cbec284eb249e0cd33ebf74ad09 \
    --hash=sha256:693a03e44256886ac5dd26dc708833913157ec72e3b3a44fb89fd5fc202f85dc \
    --hash=sha256:6f9619f9e8885886039e451c2e22d3fb9bd2e95bc64bbf4ebe6c0a50875785f4 \
    --hash=sha256:7586fae639db65d6ff9f7d539aaac04ebd8604657751d78f6b45e7f971be83f3 \
    --hash=sha256:76699fb79c0de182f915d96a08c15afc19755d9d0e9c93411abb0e4b539c7166 \
    --hash=sha256:7a590116037ae56fab339b625f317d7c0a15bbede5f2f206ce1e55b1a2385e90 \
    --hash=sha256:82e60e108d78e32d58a0f21570b02d3baad67ccbad6482eeb79d74a616d8a5ad \
    --hash=sha256:83d881bf786b05489ccf96f07972b9c28638b513f3e064d39987d837749b35e3 \
    --hash=sha256:859c718cb93780dd681f75d59ceaf4415915fa9617a5ba2de6105e291d6df3ad \
    --hash=sha256:873d8f74eaec141f40ae060318c32353da94fdd4601f925bfd52426f3ddcd689 \
    --hash=sha256:8bb70307589099c67dfe9a973998491bc82c1af9040560b5ebab799721bb197d \
    --hash=sha256:9610ef6ff653f8a030f50e39cdeb1a39bea925c48f9196d787ea4b9f5eb1c8f0 \
    --hash=sha256:99d55aab64fdeb53d74c16d2c46ae5491e90aa37ba55c24884a68a869418ee8e \
    --hash=sha256:a1266a52bf61f0420630f625c5ac87bc2d095f08321820546300a699d4300ba3 \
    --hash=sha256:a326e2f5518d6a9d71f0895d50a3ccd8c4d5e3abb625f39330512ff3c45c6731 \
    --hash=sha256:a9d1e12bf86cd96626f74d21e3ac237abcda105f55cd2e78d139197d35f86209 \
    --hash=sha256:aa9890507aac52a8a5363813bb315b6867e86a97ffa08576cb934603f5bc0216 \
    --hash=sha256:ae24e4e7b10ff140c9041d9bdb2c08781145d844c7486c2661d223ededce7634 \
    --hash=sha256:aeb09a6f8585f3bd4d8c5bead38f3821c076e0bca08c474a7b9039732a6e2e9a \
    --hash=sha256:aed10f7615d0c72457d21ace9b59bfcbea0293188af2ffa3f3c2942d36974e7c \
    --hash=sha256:b2f5174fc6001a1555fc3cb565f3b727e1b786d572df0b30d14929ae13bd3542 \
    --hash=sha256:b692998e6dea344a4a2d7c34c129379767a068f234e1cb721ba27f1f023c70ee \
    --hash=sha256:b6d107b5f964af97f25a0d1bfd59fe3510f2a646c87ad4f9ab9014bb0c66aa1c \
    --hash=sha256:b8236c7dd675ed13d5e96f1f9126eeb711e8c266e4a0476ebc32be8a17decb32 \
    --hash=sha256:c12d9f2b2fc57adaf5ea267804f00e520771794641227ed5285e38fdf36557a6 \
    --hash=sha256:cd41ebe8b7f1c2579b22bbc414a800f3f8f5c843928019aca27c81592f70c5a7 \
    --hash=sha256:cdeee50fb2822e4f886d9676c5979b9e6f93ee9159b1aa1b7d62e71bcf7ae551 \
    --hash=sha256:d0dad989ae193c7261b12c9829f219fc1cb1ae9cad380c35cfe489f139c03ee9 \
    --hash=sha256:d10e8f42bafa12d43dd280d157af1ca5a1743e0ca94e61de94c1d00cb1b2da2b \
    --hash=sha256:d3fca3e0781b664556690decc788e7d25691043bf67a0d241e9c29233a2990d5 \
    --hash=sha256:d6e98c0cf53db3b24dc0ff9f522fcf13205b1d191c632567d1744fbd4671741f \
    --hash=sha256:d75324bb3a611eeb8c22b7fdda7c2cbc6ddbcc3871c65624b97f219430ded282 \
    --hash=sha256:df93fa024d6ed46dbc3182b6202180be4cf2bbe9c331dcb21f85963b1b3fd1e5 \
    --hash=sha256:e1a157205efd47884c22bfe061fc6f8c9aea844929ee755c47b446093805d21a \
    --hash=sha256:e307ea69dc2a6e6d942d2799ee8bfe20c99019ddf95121cbeaf7efbb97f79f09 \
    --hash=sha256:e702b77720ae6fd501e5a52262518dddb6c705fbc122bca4567694fb0bab401f \
    --hash=sha256:e88a31bbd9da7f4b49de39d21e8c93c8fbb5cf487071e935af0eba884681df00 \
    --hash=sha256:e911cffe6a9d9d27ccf91b8060086254c152c48ade47c1de3fc8e91d22cdd143 \
    --hash=sha256:eb595e820e46ccdffd702d23e4d1d1efadaa60db81a3da53e693ab055d8a3b1a \
    --hash=sha256:ecf244f91fc72e5dfe83652baf69a7ced414e9147288138897bc4376ebd6f8ac \
    --hash=sha256:f03814b6e6a72892ce913eaef3931e6d011068480e9c19b80e5c640fdac55109 \
    --hash=sha256:f13c34ad1ddb0d1efc92bc4039b50b534da94c51bbce25e61484bfd28b231cb5 \
    --hash=sha256:f25df0298ecea9c29768ab1267ff1186aacfff0cbd75ff3b588644043f313cd6 \
    --hash=sha256:f2aaf5fc0bb3098c24f0d8ca7e4ecbe605a26957481dfca2c8cef9d1fad7b7ca \
    --hash=sha256:fa01fdb92db6bf72cb9509eecd0a0057a4558a4f40c02eebffbc2d61b644620e
    # via meridian-storage-clickhouse (pyproject.toml)
lz4==4.4.5 \
    --hash=sha256:0846e6e78f374156ccf21c631de80967e03cc3c01c373c665789dc0c5431e7fc \
    --hash=sha256:0bba042ec5a61fa77c7e380351a61cb768277801240249841defd2ff0a10742f \
    --hash=sha256:12233624f1bc2cebc414f9efb3113a03e89acce3ab6f72035577bc61b270d24d \
    --hash=sha256:13254bd78fef50105872989a2dc3418ff09aefc7d0765528adc21646a7288294 \
    --hash=sha256:15551280f5656d2206b9b43262799c89b25a25460416ec554075a8dc568e4397 \
    --hash=sha256:1dd4d91d25937c2441b9fc0f4af01704a2d09f30a38c5798bc1d1b5a15ec9581 \
    --hash=sha256:214e37cfe270948ea7eb777229e211c601a3e0875541c1035ab408fbceaddf50 \
    --hash=sha256:216ca0c6c90719731c64f41cfbd6f27a736d7e50a10b70fad2a9c9b262ec923d \
    --hash=sha256:24092635f47538b392c4eaeff14c7270d2c8e806bf4be2a6446a378591c5e69e \
    --hash=sha256:28ccaeb7c5222454cd5f60fcd152564205bcb801bd80e125949d2dfbadc76bbd \
    --hash=sha256:2a2b7504d2dffed3fd19d4085fe1cc30cf221263fd01030819bdd8d2bb101cf1 \
    --hash=sha256:2c3ea562c3af274264444819ae9b14dbbf1ab070aff214a05e97db6896c7597e \
    --hash=sha256:33dd86cea8375d8e5dd001e41f321d0a4b1eb7985f39be1b6a4f466cd480b8a7 \
    --hash=sha256:3b84a42da86e8ad8537aabef062e7f661f4a877d1c74d65606c49d835d36d668 \
    --hash=sha256:451039b609b9a88a934800b5fc6ee401c89ad9c175abf2f4d9f8b2e4ef1afc64 \
    --hash=sha256:533298d208b58b651662dd972f52d807d48915176e5b032fb4f8c3b6f5fe535c \
    --hash=sha256:5f0b9e53c1e82e88c10d7c180069363980136b9d7a8306c4dca4f760d60c39f0 \
    --hash=sha256:609a69c68e7cfcfa9d894dc06be13f2e00761485b62df4e2472f1b66f7b405fb \
    --hash=sha256:61d0ee03e6c616f4a8b69987d03d514e8896c8b1b7cc7598ad029e5c6aedfd43 \
    --hash=sha256:66c5de72bf4988e1b284ebdd6524c4bead2c507a2d7f172201572bac6f593901 \
    --hash=sha256:67531da3b62f49c939e09d56492baf397175ff39926d0bd5bd2d191ac2bff95f \
    --hash=sha256:6bb05416444fafea170b07181bc70640975ecc2a8c92b3b658c554119519716c \
    --hash=sha256:6d0bf51e7745484d2092b3a51ae6eb58c3bd3ce0300cf2b2c14f76c536d5697a \
    --hash=sha256:713a777de88a73425cf08eb11f742cd2c98628e79a8673d6a52e3c5f0c116f33 \
    --hash=sha256:75419bb1a559af00250b8f1360d508444e80ed4b26d9d40ec5b09fe7875cb989 \
    --hash=sha256:7b62f94b523c251cf32aa4ab555f14d39bd1a9df385b72443fd76d7c7fb051f5 \
    --hash=sha256:7c4e7c44b6a31de77d4dc9772b7d2561937c9588a734681f70ec547cfbc51ecd \
    --hash=sha256:7dc1e1e2dbd872f8fae529acd5e4839efd0b141eaa8ae7ce835a9fe80fbad89f \
    --hash=sha256:83bc23ef65b6ae44f3287c38cbf82c269e2e96a26e560aa551735883388dcc4b \
    --hash=sha256:8a842ead8ca7c0ee2f396ca5d878c4c40439a527ebad2b996b0444f0074ed004 \
    --hash=sha256:92159782a4502858a21e0079d77cdcaade23e8a5d252ddf46b0652604300d7be \
    --hash=sha256:9b5e6abca8df9f9bdc5c3085f33ff32cdc86ed04c65e0355506d46a5ac19b6e9 \
    --hash=sha256:a1acbbba9edbcbb982bc2cac5e7108f0f553aebac1040fbec67a011a45afa1ba \
    --hash=sha256:a2af2897333b421360fdcce895c6f6281dc3fab018d19d341cf64d043fc8d90d \
    --hash=sha256:a482eecc0b7829c89b498fda883dbd50e98153a116de612ee7c111c8bcf82d1d \
    --hash=sha256:a5f197ffa6fc0e93207b0af71b302e0a2f6f29982e5de0fbda61606dd3a55832 \
    --hash=sha256:a88cbb729cc333334ccfb52f070463c21560fca63afcf636a9f160a55fac3301 \
    --hash=sha256:b424df1076e40d4e884cfcc4c77d815368b7fb9ebcd7e634f937725cd9a8a72a \
    --hash=sha256:bd85d118316b53ed73956435bee1997bd06cc66dd2fa74073e3b1322bd520a67 \
    --hash=sha256:c1cfa663468a189dab510ab231aad030970593f997746d7a324d40104db0d0a9 \
    --hash=sha256:c216b6d5275fc060c6280936bb3bb0e0be6126afb08abccde27eed23dead135f \
    --hash=sha256:c8e71b14938082ebaf78144f3b3917ac715f72d14c076f384a4c062df96f9df6 \
    --hash=sha256:cdd4bdcbaf35056086d910d219106f6a04e1ab0daa40ec0eeef1626c27d0fddb \
    --hash=sha256:d221fa421b389ab2345640a508db57da36947a437dfe31aeddb8d5c7b646c22d \
    --hash=sha256:d64141085864918392c3159cdad15b102a620a67975c786777874e1e90ef15ce \
    --hash=sha256:d6da84a26b3aa5da13a62e4b89ab36a396e9327de8cd48b436a3467077f8ccd4 \
    --hash=sha256:d994b87abaa7a88ceb7a37c90f547b8284ff9da694e6afcfaa8568d739faf3f7 \
    --hash=sha256:da68497f78953017deb20edff0dba95641cc86e7423dfadf7c0264e1ac60dc22 \
    --hash=sha256:daffa4807ef54b927451208f5f85750c545a4abbff03d740835fc444cd97f758 \
    --hash=sha256:df5aa4cead2044bab83e0ebae56e0944cc7fcc1505c7787e9e1057d6d549897e \
    --hash=sha256:e099ddfaa88f59dd8d36c8a3c66bd982b4984edf127eb18e30bb49bdba68ce67 \
    --hash=sha256:e64e61f29cf95afb43549063d8433b46352baf0c8a70aa45e2585618fcf59d86 \
    --hash=sha256:e928ec2d84dc8d13285b4a9288fd6246c5cde4f5f935b479f50d986911f085e3 \
    --hash=sha256:f32b9e65d70f3684532358255dc053f143835c5f5991e28a5ac4c93ce94b9ea7 \
    --hash=sha256:f6538aaaedd091d6e5abdaa19b99e6e82697d67518f114721b5248709b639fad \
    --hash=sha256:f9b8bde9909a010c75b3aea58ec3910393b758f3c219beed67063693df854db0 \
    --hash=sha256:ff1b50aeeec64df5603f17984e4b5be6166058dcf8f1e26a3da40d7a0f6ab547
    # via clickhouse-connect
meridian-storage-core==1.0.0 \
    --hash=sha256:2c44d44569a380f44ea7f797e7fe623d0242fa79b6bc34606d6bad1bc53f2d5a \
    --hash=sha256:6b8ebb70ee1a8467a96d668878a8eebf826c1c4b63b3832ae70f2c630a8ef4a1
    # via
    #   meridian-storage-clickhouse (pyproject.toml)
    #   meridian-storage-query
    #   meridian-storage-semantics
meridian-storage-query==1.0.0 \
    --hash=sha256:ac7d1747e0b9574810f79cfda99abbdd6d0dac230107b655de386871eb8ca9dc \
    --hash=sha256:b7ae4572ae70fb51ec190080df40fd10e667d69634ee811f0a7e3f72b56e41cc
    # via meridian-storage-clickhouse (pyproject.toml)
meridian-storage-semantics==1.0.0 \
    --hash=sha256:02605909db5dc7ff22d4ae5e3ae1b3fe6c25a68e9ecaa4c3ead36082848d0311 \
    --hash=sha256:76fced0bc083f145fad1949b85147a3563f3584f99994471693915a8ba1851ec
    # via
    #   meridian-storage-clickhouse (pyproject.toml)
    #   meridian-storage-query
pytz==2026.3.post1 \
    --hash=sha256:2211d3fcf9a797d3405cac96ac7f61d80e6a644f72a3309607282fe8a2010c5d \
    --hash=sha256:dd95840dd199baea12d9cc096a1d452caa6596a1c1e4b5f3dbd1541855d5e815
    # via clickhouse-connect
urllib3==2.7.0 \
    --hash=sha256:231e0ec3b63ceb14667c67be60f2f2c40a518cb38b03af60abc813da26505f4c \
    --hash=sha256:9fb4c81ebbb1ce9531cce37674bbc6f1360472bc18ca9a553ede278ef7276897
    # via clickhouse-connect
zstandard==0.25.0 \
    --hash=sha256:011d388c76b11a0c165374ce660ce2c8efa8e5d87f34996aa80f9c0816698b64 \
    --hash=sha256:01582723b3ccd6939ab7b3a78622c573799d5d8737b534b86d0e06ac18dbde4a \
    --hash=sha256:05353cef599a7b0b98baca9b068dd36810c3ef0f42bf282583f438caf6ddcee3 \
    --hash=sha256:05df5136bc5a011f33cd25bc9f506e7426c0c9b3f9954f056831ce68f3b6689f \
    --hash=sha256:06acb75eebeedb77b69048031282737717a63e71e4ae3f77cc0c3b9508320df6 \
    --hash=sha256:07b527a69c1e1c8b5ab1ab14e2afe0675614a09182213f21a0717b62027b5936 \
    --hash=sha256:0bbc9a0c65ce0eea3c34a691e3c4b6889f5f3909ba4822ab385fab9057099431 \
    --hash=sha256:0be7622c37c183406f3dbf0cba104118eb16a4ea7359eeb5752f0794882fc250 \
    --hash=sha256:106281ae350e494f4ac8a80470e66d1fe27e497052c8d9c3b95dc4cf1ade81aa \
    --hash=sha256:10ef2a79ab8e2974e2075fb984e5b9806c64134810fac21576f0668e7ea19f8f \
    --hash=sha256:1673b7199bbe763365b81a4f3252b8e80f44c9e323fc42940dc8843bfeaf9851 \
    --hash=sha256:172de1f06947577d3a3005416977cce6168f2261284c02080e7ad0185faeced3 \
    --hash=sha256:181eb40e0b6a29b3cd2849f825e0fa34397f649170673d385f3598ae17cca2e9 \
    --hash=sha256:1869da9571d5e94a85a5e8d57e4e8807b175c9e4a6294e3b66fa4efb074d90f6 \
    --hash=sha256:19796b39075201d51d5f5f790bf849221e58b48a39a5fc74837675d8bafc7362 \
    --hash=sha256:1cd5da4d8e8ee0e88be976c294db744773459d51bb32f707a0f166e5ad5c8649 \
    --hash=sha256:1f3689581a72eaba9131b1d9bdbfe520ccd169999219b41000ede2fca5c1bfdb \
    --hash=sha256:1f830a0dac88719af0ae43b8b2d6aef487d437036468ef3c2ea59c51f9d55fd5 \
    --hash=sha256:223415140608d0f0da010499eaa8ccdb9af210a543fac54bce15babbcfc78439 \
    --hash=sha256:22a06c5df3751bb7dc67406f5374734ccee8ed37fc5981bf1ad7041831fa1137 \
    --hash=sha256:22a086cff1b6ceca18a8dd6096ec631e430e93a8e70a9ca5efa7561a00f826fa \
    --hash=sha256:23ebc8f17a03133b4426bcc04aabd68f8236eb78c3760f12783385171b0fd8bd \
    --hash=sha256:25f8f3cd45087d089aef5ba3848cd9efe3ad41163d3400862fb42f81a3a46701 \
    --hash=sha256:2b6bd67528ee8b5c5f10255735abc21aa106931f0dbaf297c7be0c886353c3d0 \
    --hash=sha256:2e54296a283f3ab5a26fc9b8b5d4978ea0532f37b231644f367aa588930aa043 \
    --hash=sha256:3756b3e9da9b83da1796f8809dd57cb024f838b9eeafde28f3cb472012797ac1 \
    --hash=sha256:37daddd452c0ffb65da00620afb8e17abd4adaae6ce6310702841760c2c26860 \
    --hash=sha256:3a39c94ad7866160a4a46d772e43311a743c316942037671beb264e395bdd611 \
    --hash=sha256:3b870ce5a02d4b22286cf4944c628e0f0881b11b3f14667c1d62185a99e04f53 \
    --hash=sha256:3c83b0188c852a47cd13ef3bf9209fb0a77fa5374958b8c53aaa699398c6bd7b \
    --hash=sha256:4203ce3b31aec23012d3a4cf4a2ed64d12fea5269c49aed5e4c3611b938e4088 \
    --hash=sha256:457ed498fc58cdc12fc48f7950e02740d4f7ae9493dd4ab2168a47c93c31298e \
    --hash=sha256:474d2596a2dbc241a556e965fb76002c1ce655445e4e3bf38e5477d413165ffa \
    --hash=sha256:4b14abacf83dfb5c25eb4e4a79520de9e7e205f72c9ee7702f91233ae57d33a2 \
    --hash=sha256:4b6d83057e713ff235a12e73916b6d356e3084fd3d14ced499d84240f3eecee0 \
    --hash=sha256:4d441506e9b372386a5271c64125f72d5df6d2a8e8a2a45a0ae09b03cb781ef7 \
    --hash=sha256:4f187a0bb61b35119d1926aee039524d1f93aaf38a9916b8c4b78ac8514a0aaf \
    --hash=sha256:51526324f1b23229001eb3735bc8c94f9c578b1bd9e867a0a646a3b17109f388 \
    --hash=sha256:53e08b2445a6bc241261fea89d065536f00a581f02535f8122eba42db9375530 \
    --hash=sha256:53f94448fe5b10ee75d246497168e5825135d54325458c4bfffbaafabcc0a577 \
    --hash=sha256:5a56ba0db2d244117ed744dfa8f6f5b366e14148e00de44723413b2f3938a902 \
    --hash=sha256:5f1ad7bf88535edcf30038f6919abe087f606f62c00a87d7e33e7fc57cb69fcc \
    --hash=sha256:5f5e4c2a23ca271c218ac025bd7d635597048b366d6f31f420aaeb715239fc98 \
    --hash=sha256:6a573a35693e03cf1d67799fd01b50ff578515a8aeadd4595d2a7fa9f3ec002a \
    --hash=sha256:6c0e5a65158a7946e7a7affa6418878ef97ab66636f13353b8502d7ea03c8097 \
    --hash=sha256:6dffecc361d079bb48d7caef5d673c88c8988d3d33fb74ab95b7ee6da42652ea \
    --hash=sha256:7030defa83eef3e51ff26f0b7bfb229f0204b66fe18e04359ce3474ac33cbc09 \
    --hash=sha256:7149623bba7fdf7e7f24312953bcf73cae103db8cae49f8154dd1eadc8a29ecb \
    --hash=sha256:72d35d7aa0bba323965da807a462b0966c91608ef3a48ba761678cb20ce5d8b7 \
    --hash=sha256:75ffc32a569fb049499e63ce68c743155477610532da1eb38e7f24bf7cd29e74 \
    --hash=sha256:7713e1179d162cf5c7906da876ec2ccb9c3a9dcbdffef0cc7f70c3667a205f0b \
    --hash=sha256:78228d8a6a1c177a96b94f7e2e8d012c55f9c760761980da16ae7546a15a8e9b \
    --hash=sha256:7b3c3a3ab9daa3eed242d6ecceead93aebbb8f5f84318d82cee643e019c4b73b \
    --hash=sha256:809c5bcb2c67cd0ed81e9229d227d4ca28f82d0f778fc5fea624a9def3963f91 \
    --hash=sha256:81dad8d145d8fd981b2962b686b2241d3a1ea07733e76a2f15435dfb7fb60150 \
    --hash=sha256:85304a43f4d513f5464ceb938aa02c1e78c2943b29f44a750b48b25ac999a049 \
    --hash=sha256:89c4b48479a43f820b749df49cd7ba2dbc2b1b78560ecb5ab52985574fd40b27 \
    --hash=sha256:8e735494da3db08694d26480f1493ad2cf86e99bdd53e8e9771b2752a5c0246a \
    --hash=sha256:913cbd31a400febff93b564a23e17c3ed2d56c064006f54efec210d586171c00 \
    --hash=sha256:9174f4ed06f790a6869b41cba05b43eeb9a35f8993c4422ab853b705e8112bbd \
    --hash=sha256:9300d02ea7c6506f00e627e287e0492a5eb0371ec1670ae852fefffa6164b072 \
    --hash=sha256:933b65d7680ea337180733cf9e87293cc5500cc0eb3fc8769f4d3c88d724ec5c \
    --hash=sha256:9654dbc012d8b06fc3d19cc825af3f7bf8ae242226df5f83936cb39f5fdc846c \
    --hash=sha256:98750a309eb2f020da61e727de7d7ba3c57c97cf6213f6f6277bb7fb42a8e065 \
    --hash=sha256:99c0c846e6e61718715a3c9437ccc625de26593fea60189567f0118dc9db7512 \
    --hash=sha256:a1a4ae2dec3993a32247995bdfe367fc3266da832d82f8438c8570f989753de1 \
    --hash=sha256:a3f79487c687b1fc69f19e487cd949bf3aae653d181dfb5fde3bf6d18894706f \
    --hash=sha256:a4089a10e598eae6393756b036e0f419e8c1d60f44a831520f9af41c14216cf2 \
    --hash=sha256:a51ff14f8017338e2f2e5dab738ce1ec3b5a851f23b18c1ae1359b1eecbee6df \
    --hash=sha256:a5a419712cf88862a45a23def0ae063686db3d324cec7edbe40509d1a79a0aab \
    --hash=sha256:a9ec8c642d1ec73287ae3e726792dd86c96f5681eb8df274a757bf62b750eae7 \
    --hash=sha256:aaf21ba8fb76d102b696781bddaa0954b782536446083ae3fdaa6f16b25a1c4b \
    --hash=sha256:ab85470ab54c2cb96e176f40342d9ed41e58ca5733be6a893b730e7af9c40550 \
    --hash=sha256:b9af1fe743828123e12b41dd8091eca1074d0c1569cc42e6e1eee98027f2bbd0 \
    --hash=sha256:bfc4e20784722098822e3eee42b8e576b379ed72cca4a7cb856ae733e62192ea \
    --hash=sha256:bfd06b1c5584b657a2892a6014c2f4c20e0db0208c159148fa78c65f7e0b0277 \
    --hash=sha256:c19bcdd826e95671065f8692b5a4aa95c52dc7a02a4c5a0cac46deb879a017a2 \
    --hash=sha256:c2ba942c94e0691467ab901fc51b6f2085ff48f2eea77b1a48240f011e8247c7 \
    --hash=sha256:c8e167d5adf59476fa3e37bee730890e389410c354771a62e3c076c86f9f7778 \
    --hash=sha256:ca54090275939dc8ec5dea2d2afb400e0f83444b2fc24e07df7fdef677110859 \
    --hash=sha256:d7541afd73985c630bafcd6338d2518ae96060075f9463d7dc14cfb33514383d \
    --hash=sha256:d8c56bb4e6c795fc77d74d8e8b80846e1fb8292fc0b5060cd8131d522974b751 \
    --hash=sha256:da469dc041701583e34de852d8634703550348d5822e66a0c827d39b05365b12 \
    --hash=sha256:daab68faadb847063d0c56f361a289c4f268706b598afbf9ad113cbe5c38b6b2 \
    --hash=sha256:e05ab82ea7753354bb054b92e2f288afb750e6b439ff6ca78af52939ebbc476d \
    --hash=sha256:e09bb6252b6476d8d56100e8147b803befa9a12cea144bbe629dd508800d1ad0 \
    --hash=sha256:e29f0cf06974c899b2c188ef7f783607dbef36da4c242eb6c82dcd8b512855e3 \
    --hash=sha256:e59fdc271772f6686e01e1b3b74537259800f57e24280be3f29c8a0deb1904dd \
    --hash=sha256:e7360eae90809efd19b886e59a09dad07da4ca9ba096752e61a2e03c8aca188e \
    --hash=sha256:e96594a5537722fdfb79951672a2a63aec5ebfb823e7560586f7484819f2a08f \
    --hash=sha256:ea9d54cc3d8064260114a0bbf3479fc4a98b21dffc89b3459edd506b69262f6e \
    --hash=sha256:ec996f12524f88e151c339688c3897194821d7f03081ab35d31d1e12ec975e94 \
    --hash=sha256:f27662e4f7dbf9f9c12391cb37b4c4c3cb90ffbd3b1fb9284dadbbb8935fa708 \
    --hash=sha256:f373da2c1757bb7f1acaf09369cdc1d51d84131e50d5fa9863982fd626466313 \
    --hash=sha256:f5aeea11ded7320a84dcdd62a3d95b5186834224a9e55b92ccae35d21a8b63d4 \
    --hash=sha256:f604efd28f239cc21b3adb53eb061e2a205dc164be408e553b41ba2ffe0ca15c \
    --hash=sha256:f67e8f1a324a900e75b5e28ffb152bcac9fbed1cc7b43f99cd90f395c4375344 \
    --hash=sha256:fd7a5004eb1980d3cefe26b2685bcb0b17989901a70a1040d1ac86f1d898c551 \
    --hash=sha256:ffef5a74088f1e09947aecf91011136665152e0b4b359c42be3373897fb39b01
    # via clickhouse-connect
